# This file is automatically @generated by Cargo.
# It is not intended for manual editing.
version = 4

[[package]]
name = "halmasuit"
version = "0.1.0"

[[package]]
name = "halmasuit-cli"
version = "0.1.0"

[[package]]
name = "halmasuit-greetd"
version = "0.1.0"

[[package]]
name = "halmasuit-ipc"
version = "0.1.0"

[[package]]
name = "halmasuit-protocols"
version = "0.1.0"

[[package]]
name = "halmasuit-spawn"
version = "0.1.0"

[[package]]
name = "halmasuit-test"
version = "0.1.0"

[[package]]
name = "xtask"
version = "0.1.0"
